
Microsoft Visual Studio Solution File, Format Version 12.00
# Visual Studio Version 17
VisualStudioVersion = 17.14.37111.16
MinimumVisualStudioVersion = 10.0.40219.1
Project("{FAE04EC0-301F-11D3-BF4B-00C04F79EFBC}") = "LoginAPIC#", "LoginAPIC#\LoginAPIC#.csproj", "{F62C6109-22CF-4985-BE78-811E274F4D9B}"
EndProject
Project("{FAE04EC0-301F-11D3-BF4B-00C04F79EFBC}") = "ConsumoDeApi", "ConsumoDeApi\ConsumoDeApi.csproj", "{3527F2C8-0A8C-4B21-A958-7A06786E22A4}"
EndProject
Global
	GlobalSection(SolutionConfigurationPlatforms) = preSolution
		Debug|Any CPU = Debug|Any CPU
		Release|Any CPU = Release|Any CPU
	EndGlobalSection
	GlobalSection(ProjectConfigurationPlatforms) = postSolution
		{F62C6109-22CF-4985-BE78-811E274F4D9B}.Debug|Any CPU.ActiveCfg = Debug|Any CPU
		{F62C6109-22CF-4985-BE78-811E274F4D9B}.Debug|Any CPU.Build.0 = Debug|Any CPU
		{F62C6109-22CF-4985-BE78-811E274F4D9B}.Release|Any CPU.ActiveCfg = Release|Any CPU
		{F62C6109-22CF-4985-BE78-811E274F4D9B}.Release|Any CPU.Build.0 = Release|Any CPU
		{3527F2C8-0A8C-4B21-A958-7A06786E22A4}.Debug|Any CPU.ActiveCfg = Debug|Any CPU
		{3527F2C8-0A8C-4B21-A958-7A06786E22A4}.Debug|Any CPU.Build.0 = Debug|Any CPU
		{3527F2C8-0A8C-4B21-A958-7A06786E22A4}.Release|Any CPU.ActiveCfg = Release|Any CPU
		{3527F2C8-0A8C-4B21-A958-7A06786E22A4}.Release|Any CPU.Build.0 = Release|Any CPU
	EndGlobalSection
	GlobalSection(SolutionProperties) = preSolution
		HideSolutionNode = FALSE
	EndGlobalSection
	GlobalSection(ExtensibilityGlobals) = postSolution
		SolutionGuid = {E76AAF42-1ABF-42F6-9100-C01C6B5AFD38}
	EndGlobalSection
EndGlobal
